// !$*UTF8*$!
{
	archiveVersion = 1;
	classes = {
	};
	objectVersion = 46;
	objects = {

/* Begin PBXBuildFile section */
		B6F300931DD5A8A90061397E /* main.m in Sources */ = {isa = PBXBuildFile; fileRef = B6F300921DD5A8A90061397E /* main.m */; };
		B6F300961DD5A8A90061397E /* AppDelegate.m in Sources */ = {isa = PBXBuildFile; fileRef = B6F300951DD5A8A90061397E /* AppDelegate.m */; };
		B6F3009C1DD5A8A90061397E /* Main.storyboard in Resources */ = {isa = PBXBuildFile; fileRef = B6F3009A1DD5A8A90061397E /* Main.storyboard */; };
		B6F3009E1DD5A8A90061397E /* Assets.xcassets in Resources */ = {isa = PBXBuildFile; fileRef = B6F3009D1DD5A8A90061397E /* Assets.xcassets */; };
		B6F300A11DD5A8A90061397E /* LaunchScreen.storyboard in Resources */ = {isa = PBXBuildFile; fileRef = B6F3009F1DD5A8A90061397E /* LaunchScreen.storyboard */; };
		B6F300AC1DD5A8A90061397E /* ____demoTests.m in Sources */ = {isa = PBXBuildFile; fileRef = B6F300AB1DD5A8A90061397E /* ____demoTests.m */; };
		B6F300B71DD5A8A90061397E /* ____demoUITests.m in Sources */ = {isa = PBXBuildFile; fileRef = B6F300B61DD5A8A90061397E /* ____demoUITests.m */; };
		B6F300C81DD5A8BA0061397E /* MapButton.m in Sources */ = {isa = PBXBuildFile; fileRef = B6F300C51DD5A8BA0061397E /* MapButton.m */; };
		B6F300C91DD5A8BA0061397E /* ViewController.m in Sources */ = {isa = PBXBuildFile; fileRef = B6F300C71DD5A8BA0061397E /* ViewController.m */; };
/* End PBXBuildFile section */

/* Begin PBXContainerItemProxy section */
		B6F300A81DD5A8A90061397E /* PBXContainerItemProxy */ = {
			isa = PBXContainerItemProxy;
			containerPortal = B6F300861DD5A8A90061397E /* Project object */;
			proxyType = 1;
			remoteGlobalIDString = B6F3008D1DD5A8A90061397E;
			remoteInfo = "寻路算法demo";
		};
		B6F300B31DD5A8A90061397E /* PBXContainerItemProxy */ = {
			isa = PBXContainerItemProxy;
			containerPortal = B6F300861DD5A8A90061397E /* Project object */;
			proxyType = 1;
			remoteGlobalIDString = B6F3008D1DD5A8A90061397E;
			remoteInfo = "寻路算法demo";
		};
/* End PBXContainerItemProxy section */

/* Begin PBXFileReference section */
		B6F3008E1DD5A8A90061397E /* 寻路算法demo.app */ = {isa = PBXFileReference; explicitFileType = wrapper.application; includeInIndex = 0; path = "寻路算法demo.app"; sourceTree = BUILT_PRODUCTS_DIR; };
		B6F300921DD5A8A90061397E /* main.m */ = {isa = PBXFileReference; lastKnownFileType = sourcecode.c.objc; path = main.m; sourceTree = "<group>"; };
		B6F300941DD5A8A90061397E /* AppDelegate.h */ = {isa = PBXFileReference; lastKnownFileType = sourcecode.c.h; path = AppDelegate.h; sourceTree = "<group>"; };
		B6F300951DD5A8A90061397E /* AppDelegate.m */ = {isa = PBXFileReference; lastKnownFileType = sourcecode.c.objc; path = AppDelegate.m; sourceTree = "<group>"; };
		B6F3009B1DD5A8A90061397E /* Base */ = {isa = PBXFileReference; lastKnownFileType = file.storyboard; name = Base; path = Base.lproj/Main.storyboard; sourceTree = "<group>"; };
		B6F3009D1DD5A8A90061397E /* Assets.xcassets */ = {isa = PBXFileReference; lastKnownFileType = folder.assetcatalog; path = Assets.xcassets; sourceTree = "<group>"; };
		B6F300A01DD5A8A90061397E /* Base */ = {isa = PBXFileReference; lastKnownFileType = file.storyboard; name = Base; path = Base.lproj/LaunchScreen.storyboard; sourceTree = "<group>"; };
		B6F300A21DD5A8A90061397E /* Info.plist */ = {isa = PBXFileReference; lastKnownFileType = text.plist.xml; path = Info.plist; sourceTree = "<group>"; };
		B6F300A71DD5A8A90061397E /* 寻路算法demoTests.xctest */ = {isa = PBXFileReference; explicitFileType = wrapper.cfbundle; includeInIndex = 0; path = "寻路算法demoTests.xctest"; sourceTree = BUILT_PRODUCTS_DIR; };
		B6F300AB1DD5A8A90061397E /* ____demoTests.m */ = {isa = PBXFileReference; lastKnownFileType = sourcecode.c.objc; path = "____demoTests.m"; sourceTree = "<group>"; };
		B6F300AD1DD5A8A90061397E /* Info.plist */ = {isa = PBXFileReference; lastKnownFileType = text.plist.xml; path = Info.plist; sourceTree = "<group>"; };
		B6F300B21DD5A8A90061397E /* 寻路算法demoUITests.xctest */ = {isa = PBXFileReference; explicitFileType = wrapper.cfbundle; includeInIndex = 0; path = "寻路算法demoUITests.xctest"; sourceTree = BUILT_PRODUCTS_DIR; };
		B6F300B61DD5A8A90061397E /* ____demoUITests.m */ = {isa = PBXFileReference; lastKnownFileType = sourcecode.c.objc; path = "____demoUITests.m"; sourceTree = "<group>"; };
		B6F300B81DD5A8A90061397E /* Info.plist */ = {isa = PBXFileReference; lastKnownFileType = text.plist.xml; path = Info.plist; sourceTree = "<group>"; };
		B6F300C41DD5A8BA0061397E /* MapButton.h */ = {isa = PBXFileReference; fileEncoding = 4; lastKnownFileType = sourcecode.c.h; path = MapButton.h; sourceTree = "<group>"; };
		B6F300C51DD5A8BA0061397E /* MapButton.m */ = {isa = PBXFileReference; fileEncoding = 4; lastKnownFileType = sourcecode.c.objc; path = MapButton.m; sourceTree = "<group>"; };
		B6F300C61DD5A8BA0061397E /* ViewController.h */ = {isa = PBXFileReference; fileEncoding = 4; lastKnownFileType = sourcecode.c.h; path = ViewController.h; sourceTree = "<group>"; };
		B6F300C71DD5A8BA0061397E /* ViewController.m */ = {isa = PBXFileReference; fileEncoding = 4; lastKnownFileType = sourcecode.c.objc; path = ViewController.m; sourceTree = "<group>"; };
/* End PBXFileReference section */

/* Begin PBXFrameworksBuildPhase section */
		B6F3008B1DD5A8A90061397E /* Frameworks */ = {
			isa = PBXFrameworksBuildPhase;
			buildActionMask = 2147483647;
			files = (
			);
			runOnlyForDeploymentPostprocessing = 0;
		};
		B6F300A41DD5A8A90061397E /* Frameworks */ = {
			isa = PBXFrameworksBuildPhase;
			buildActionMask = 2147483647;
			files = (
			);
			runOnlyForDeploymentPostprocessing = 0;
		};
		B6F300AF1DD5A8A90061397E /* Frameworks */ = {
			isa = PBXFrameworksBuildPhase;
			buildActionMask = 2147483647;
			files = (
			);
			runOnlyForDeploymentPostprocessing = 0;
		};
/* End PBXFrameworksBuildPhase section */

/* Begin PBXGroup section */
		B6F300851DD5A8A90061397E = {
			isa = PBXGroup;
			children = (
				B6F300901DD5A8A90061397E /* 寻路算法demo */,
				B6F300AA1DD5A8A90061397E /* 寻路算法demoTests */,
				B6F300B51DD5A8A90061397E /* 寻路算法demoUITests */,
				B6F3008F1DD5A8A90061397E /* Products */,
			);
			sourceTree = "<group>";
		};
		B6F3008F1DD5A8A90061397E /* Products */ = {
			isa = PBXGroup;
			children = (
				B6F3008E1DD5A8A90061397E /* 寻路算法demo.app */,
				B6F300A71DD5A8A90061397E /* 寻路算法demoTests.xctest */,
				B6F300B21DD5A8A90061397E /* 寻路算法demoUITests.xctest */,
			);
			name = Products;
			sourceTree = "<group>";
		};
		B6F300901DD5A8A90061397E /* 寻路算法demo */ = {
			isa = PBXGroup;
			children = (
				B6F300941DD5A8A90061397E /* AppDelegate.h */,
				B6F300951DD5A8A90061397E /* AppDelegate.m */,
				B6F300C41DD5A8BA0061397E /* MapButton.h */,
				B6F300C51DD5A8BA0061397E /* MapButton.m */,
				B6F300C61DD5A8BA0061397E /* ViewController.h */,
				B6F300C71DD5A8BA0061397E /* ViewController.m */,
				B6F3009A1DD5A8A90061397E /* Main.storyboard */,
				B6F3009D1DD5A8A90061397E /* Assets.xcassets */,
				B6F3009F1DD5A8A90061397E /* LaunchScreen.storyboard */,
				B6F300A21DD5A8A90061397E /* Info.plist */,
				B6F300911DD5A8A90061397E /* Supporting Files */,
			);
			path = "寻路算法demo";
			sourceTree = "<group>";
		};
		B6F300911DD5A8A90061397E /* Supporting Files */ = {
			isa = PBXGroup;
			children = (
				B6F300921DD5A8A90061397E /* main.m */,
			);
			name = "Supporting Files";
			sourceTree = "<group>";
		};
		B6F300AA1DD5A8A90061397E /* 寻路算法demoTests */ = {
			isa = PBXGroup;
			children = (
				B6F300AB1DD5A8A90061397E /* ____demoTests.m */,
				B6F300AD1DD5A8A90061397E /* Info.plist */,
			);
			path = "寻路算法demoTests";
			sourceTree = "<group>";
		};
		B6F300B51DD5A8A90061397E /* 寻路算法demoUITests */ = {
			isa = PBXGroup;
			children = (
				B6F300B61DD5A8A90061397E /* ____demoUITests.m */,
				B6F300B81DD5A8A90061397E /* Info.plist */,
			);
			path = "寻路算法demoUITests";
			sourceTree = "<group>";
		};
/* End PBXGroup section */

/* Begin PBXNativeTarget section */
		B6F3008D1DD5A8A90061397E /* 寻路算法demo */ = {
			isa = PBXNativeTarget;
			buildConfigurationList = B6F300BB1DD5A8A90061397E /* Build configuration list for PBXNativeTarget "寻路算法demo" */;
			buildPhases = (
				B6F3008A1DD5A8A90061397E /* Sources */,
				B6F3008B1DD5A8A90061397E /* Frameworks */,
				B6F3008C1DD5A8A90061397E /* Resources */,
			);
			buildRules = (
			);
			dependencies = (
			);
			name = "寻路算法demo";
			productName = "寻路算法demo";
			productReference = B6F3008E1DD5A8A90061397E /* 寻路算法demo.app */;
			productType = "com.apple.product-type.application";
		};
		B6F300A61DD5A8A90061397E /* 寻路算法demoTests */ = {
			isa = PBXNativeTarget;
			buildConfigurationList = B6F300BE1DD5A8A90061397E /* Build configuration list for PBXNativeTarget "寻路算法demoTests" */;
			buildPhases = (
				B6F300A31DD5A8A90061397E /* Sources */,
				B6F300A41DD5A8A90061397E /* Frameworks */,
				B6F300A51DD5A8A90061397E /* Resources */,
			);
			buildRules = (
			);
			dependencies = (
				B6F300A91DD5A8A90061397E /* PBXTargetDependency */,
			);
			name = "寻路算法demoTests";
			productName = "寻路算法demoTests";
			productReference = B6F300A71DD5A8A90061397E /* 寻路算法demoTests.xctest */;
			productType = "com.apple.product-type.bundle.unit-test";
		};
		B6F300B11DD5A8A90061397E /* 寻路算法demoUITests */ = {
			isa = PBXNativeTarget;
			buildConfigurationList = B6F300C11DD5A8A90061397E /* Build configuration list for PBXNativeTarget "寻路算法demoUITests" */;
			buildPhases = (
				B6F300AE1DD5A8A90061397E /* Sources */,
				B6F300AF1DD5A8A90061397E /* Frameworks */,
				B6F300B01DD5A8A90061397E /* Resources */,
			);
			buildRules = (
			);
			dependencies = (
				B6F300B41DD5A8A90061397E /* PBXTargetDependency */,
			);
			name = "寻路算法demoUITests";
			productName = "寻路算法demoUITests";
			productReference = B6F300B21DD5A8A90061397E /* 寻路算法demoUITests.xctest */;
			productType = "com.apple.product-type.bundle.ui-testing";
		};
/* End PBXNativeTarget section */

/* Begin PBXProject section */
		B6F300861DD5A8A90061397E /* Project object */ = {
			isa = PBXProject;
			attributes = {
				LastUpgradeCheck = 0800;
				ORGANIZATIONNAME = "胡杨林";
				TargetAttributes = {
					B6F3008D1DD5A8A90061397E = {
						CreatedOnToolsVersion = 8.0;
						DevelopmentTeam = 9GL7T79KV7;
						ProvisioningStyle = Automatic;
					};
					B6F300A61DD5A8A90061397E = {
						CreatedOnToolsVersion = 8.0;
						DevelopmentTeam = 9GL7T79KV7;
						ProvisioningStyle = Automatic;
						TestTargetID = B6F3008D1DD5A8A90061397E;
					};
					B6F300B11DD5A8A90061397E = {
						CreatedOnToolsVersion = 8.0;
						DevelopmentTeam = 9GL7T79KV7;
						ProvisioningStyle = Automatic;
						TestTargetID = B6F3008D1DD5A8A90061397E;
					};
				};
			};
			buildConfigurationList = B6F300891DD5A8A90061397E /* Build configuration list for PBXProject "寻路算法demo" */;
			compatibilityVersion = "Xcode 3.2";
			developmentRegion = English;
			hasScannedForEncodings = 0;
			knownRegions = (
				en,
				Base,
			);
			mainGroup = B6F300851DD5A8A90061397E;
			productRefGroup = B6F3008F1DD5A8A90061397E /* Products */;
			projectDirPath = "";
			projectRoot = "";
			targets = (
				B6F3008D1DD5A8A90061397E /* 寻路算法demo */,
				B6F300A61DD5A8A90061397E /* 寻路算法demoTests */,
				B6F300B11DD5A8A90061397E /* 寻路算法demoUITests */,
			);
		};
/* End PBXProject section */

/* Begin PBXResourcesBuildPhase section */
		B6F3008C1DD5A8A90061397E /* Resources */ = {
			isa = PBXResourcesBuildPhase;
			buildActionMask = 2147483647;
			files = (
				B6F300A11DD5A8A90061397E /* LaunchScreen.storyboard in Resources */,
				B6F3009E1DD5A8A90061397E /* Assets.xcassets in Resources */,
				B6F3009C1DD5A8A90061397E /* Main.storyboard in Resources */,
			);
			runOnlyForDeploymentPostprocessing = 0;
		};
		B6F300A51DD5A8A90061397E /* Resources */ = {
			isa = PBXResourcesBuildPhase;
			buildActionMask = 2147483647;
			files = (
			);
			runOnlyForDeploymentPostprocessing = 0;
		};
		B6F300B01DD5A8A90061397E /* Resources */ = {
			isa = PBXResourcesBuildPhase;
			buildActionMask = 2147483647;
			files = (
			);
			runOnlyForDeploymentPostprocessing = 0;
		};
/* End PBXResourcesBuildPhase section */

/* Begin PBXSourcesBuildPhase section */
		B6F3008A1DD5A8A90061397E /* Sources */ = {
			isa = PBXSourcesBuildPhase;
			buildActionMask = 2147483647;
			files = (
				B6F300961DD5A8A90061397E /* AppDelegate.m in Sources */,
				B6F300931DD5A8A90061397E /* main.m in Sources */,
				B6F300C91DD5A8BA0061397E /* ViewController.m in Sources */,
				B6F300C81DD5A8BA0061397E /* MapButton.m in Sources */,
			);
			runOnlyForDeploymentPostprocessing = 0;
		};
		B6F300A31DD5A8A90061397E /* Sources */ = {
			isa = PBXSourcesBuildPhase;
			buildActionMask = 2147483647;
			files = (
				B6F300AC1DD5A8A90061397E /* ____demoTests.m in Sources */,
			);
			runOnlyForDeploymentPostprocessing = 0;
		};
		B6F300AE1DD5A8A90061397E /* Sources */ = {
			isa = PBXSourcesBuildPhase;
			buildActionMask = 2147483647;
			files = (
				B6F300B71DD5A8A90061397E /* ____demoUITests.m in Sources */,
			);
			runOnlyForDeploymentPostprocessing = 0;
		};
/* End PBXSourcesBuildPhase section */

/* Begin PBXTargetDependency section */
		B6F300A91DD5A8A90061397E /* PBXTargetDependency */ = {
			isa = PBXTargetDependency;
			target = B6F3008D1DD5A8A90061397E /* 寻路算法demo */;
			targetProxy = B6F300A81DD5A8A90061397E /* PBXContainerItemProxy */;
		};
		B6F300B41DD5A8A90061397E /* PBXTargetDependency */ = {
			isa = PBXTargetDependency;
			target = B6F3008D1DD5A8A90061397E /* 寻路算法demo */;
			targetProxy = B6F300B31DD5A8A90061397E /* PBXContainerItemProxy */;
		};
/* End PBXTargetDependency section */

/* Begin PBXVariantGroup section */
		B6F3009A1DD5A8A90061397E /* Main.storyboard */ = {
			isa = PBXVariantGroup;
			children = (
				B6F3009B1DD5A8A90061397E /* Base */,
			);
			name = Main.storyboard;
			sourceTree = "<group>";
		};
		B6F3009F1DD5A8A90061397E /* LaunchScreen.storyboard */ = {
			isa = PBXVariantGroup;
			children = (
				B6F300A01DD5A8A90061397E /* Base */,
			);
			name = LaunchScreen.storyboard;
			sourceTree = "<group>";
		};
/* End PBXVariantGroup section */

/* Begin XCBuildConfiguration section */
		B6DF2A751DDAE95A0081436F /* Release copy */ = {
			isa = XCBuildConfiguration;
			buildSettings = {
				ALWAYS_SEARCH_USER_PATHS = NO;
				CLANG_ANALYZER_NONNULL = YES;
				CLANG_CXX_LANGUAGE_STANDARD = "gnu++0x";
				CLANG_CXX_LIBRARY = "libc++";
				CLANG_ENABLE_MODULES = YES;
				CLANG_ENABLE_OBJC_ARC = YES;
				CLANG_WARN_BOOL_CONVERSION = YES;
				CLANG_WARN_CONSTANT_CONVERSION = YES;
				CLANG_WARN_DIRECT_OBJC_ISA_USAGE = YES_ERROR;
				CLANG_WARN_DOCUMENTATION_COMMENTS = YES;
				CLANG_WARN_EMPTY_BODY = YES;
				CLANG_WARN_ENUM_CONVERSION = YES;
				CLANG_WARN_INFINITE_RECURSION = YES;
				CLANG_WARN_INT_CONVERSION = YES;
				CLANG_WARN_OBJC_ROOT_CLASS = YES_ERROR;
				CLANG_WARN_SUSPICIOUS_MOVES = YES;
				CLANG_WARN_UNREACHABLE_CODE = YES;
				CLANG_WARN__DUPLICATE_METHOD_MATCH = YES;
				"CODE_SIGN_IDENTITY[sdk=iphoneos*]" = "iPhone Developer";
				COPY_PHASE_STRIP = NO;
				DEBUG_INFORMATION_FORMAT = "dwarf-with-dsym";
				ENABLE_NS_ASSERTIONS = NO;
				ENABLE_STRICT_OBJC_MSGSEND = YES;
				GCC_C_LANGUAGE_STANDARD = gnu99;
				GCC_NO_COMMON_BLOCKS = YES;
				GCC_WARN_64_TO_32_BIT_CONVERSION = YES;
				GCC_WARN_ABOUT_RETURN_TYPE = YES_ERROR;
				GCC_WARN_UNDECLARED_SELECTOR = YES;
				GCC_WARN_UNINITIALIZED_AUTOS = YES_AGGRESSIVE;
				GCC_WARN_UNUSED_FUNCTION = YES;
				GCC_WARN_UNUSED_VARIABLE = YES;
				IPHONEOS_DEPLOYMENT_TARGET = 10.0;
				MTL_ENABLE_DEBUG_INFO = NO;
				SDKROOT = iphoneos;
				TARGETED_DEVICE_FAMILY = "1,2";
				VALIDATE_PRODUCT = YES;
			};
			name = "Release copy";
		};
		B6DF2A761DDAE95A0081436F /* Release copy */ = {
			isa = XCBuildConfiguration;
			buildSettings = {
				ASSETCATALOG_COMPILER_APPICON_NAME = AppIcon;
				DEVELOPMENT_TEAM = 9GL7T79KV7;
				INFOPLIST_FILE = "寻路算法demo/Info.plist";
				LD_RUNPATH_SEARCH_PATHS = "$(inherited) @executable_path/Frameworks";
				PRODUCT_BUNDLE_IDENTIFIER = "com.practice.testProject.----demo";
				PRODUCT_NAME = "$(TARGET_NAME)";
			};
			name = "Release copy";
		};
		B6DF2A771DDAE95A0081436F /* Release copy */ = {
			isa = XCBuildConfiguration;
			buildSettings = {
				BUNDLE_LOADER = "$(TEST_HOST)";
				DEVELOPMENT_TEAM = 9GL7T79KV7;
				INFOPLIST_FILE = "寻路算法demoTests/Info.plist";
				LD_RUNPATH_SEARCH_PATHS = "$(inherited) @executable_path/Frameworks @loader_path/Frameworks";
				PRODUCT_BUNDLE_IDENTIFIER = "com.practice.testProject.----demoTests";
				PRODUCT_NAME = "$(TARGET_NAME)";
				TEST_HOST = "$(BUILT_PRODUCTS_DIR)/寻路算法demo.app/寻路算法demo";
			};
			name = "Release copy";
		};
		B6DF2A781DDAE95A0081436F /* Release copy */ = {
			isa = XCBuildConfiguration;
			buildSettings = {
				DEVELOPMENT_TEAM = 9GL7T79KV7;
				INFOPLIST_FILE = "寻路算法demoUITests/Info.plist";
				LD_RUNPATH_SEARCH_PATHS = "$(inherited) @executable_path/Frameworks @loader_path/Frameworks";
				PRODUCT_BUNDLE_IDENTIFIER = "com.practice.testProject.----demoUITests";
				PRODUCT_NAME = "$(TARGET_NAME)";
				TEST_TARGET_NAME = "寻路算法demo";
			};
			name = "Release copy";
		};
		B6F300B91DD5A8A90061397E /* Debug */ = {
			isa = XCBuildConfiguration;
			buildSettings = {
				ALWAYS_SEARCH_USER_PATHS = NO;
				CLANG_ANALYZER_NONNULL = YES;
				CLANG_CXX_LANGUAGE_STANDARD = "gnu++0x";
				CLANG_CXX_LIBRARY = "libc++";
				CLANG_ENABLE_MODULES = YES;
				CLANG_ENABLE_OBJC_ARC = YES;
				CLANG_WARN_BOOL_CONVERSION = YES;
				CLANG_WARN_CONSTANT_CONVERSION = YES;
				CLANG_WARN_DIRECT_OBJC_ISA_USAGE = YES_ERROR;
				CLANG_WARN_DOCUMENTATION_COMMENTS = YES;
				CLANG_WARN_EMPTY_BODY = YES;
				CLANG_WARN_ENUM_CONVERSION = YES;
				CLANG_WARN_INFINITE_RECURSION = YES;
				CLANG_WARN_INT_CONVERSION = YES;
				CLANG_WARN_OBJC_ROOT_CLASS = YES_ERROR;
				CLANG_WARN_SUSPICIOUS_MOVES = YES;
				CLANG_WARN_UNREACHABLE_CODE = YES;
				CLANG_WARN__DUPLICATE_METHOD_MATCH = YES;
				"CODE_SIGN_IDENTITY[sdk=iphoneos*]" = "iPhone Developer";
				COPY_PHASE_STRIP = NO;
				DEBUG_INFORMATION_FORMAT = dwarf;
				ENABLE_STRICT_OBJC_MSGSEND = YES;
				ENABLE_TESTABILITY = YES;
				GCC_C_LANGUAGE_STANDARD = gnu99;
				GCC_DYNAMIC_NO_PIC = NO;
				GCC_NO_COMMON_BLOCKS = YES;
				GCC_OPTIMIZATION_LEVEL = 0;
				GCC_PREPROCESSOR_DEFINITIONS = (
					"DEBUG=1",
					"$(inherited)",
				);
				GCC_WARN_64_TO_32_BIT_CONVERSION = YES;
				GCC_WARN_ABOUT_RETURN_TYPE = YES_ERROR;
				GCC_WARN_UNDECLARED_SELECTOR = YES;
				GCC_WARN_UNINITIALIZED_AUTOS = YES_AGGRESSIVE;
				GCC_WARN_UNUSED_FUNCTION = YES;
				GCC_WARN_UNUSED_VARIABLE = YES;
				IPHONEOS_DEPLOYMENT_TARGET = 10.0;
				MTL_ENABLE_DEBUG_INFO = YES;
				ONLY_ACTIVE_ARCH = YES;
				SDKROOT = iphoneos;
				TARGETED_DEVICE_FAMILY = "1,2";
			};
			name = Debug;
		};
		B6F300BA1DD5A8A90061397E /* Release */ = {
			isa = XCBuildConfiguration;
			buildSettings = {
				ALWAYS_SEARCH_USER_PATHS = NO;
				CLANG_ANALYZER_NONNULL = YES;
				CLANG_CXX_LANGUAGE_STANDARD = "gnu++0x";
				CLANG_CXX_LIBRARY = "libc++";
				CLANG_ENABLE_MODULES = YES;
				CLANG_ENABLE_OBJC_ARC = YES;
				CLANG_WARN_BOOL_CONVERSION = YES;
				CLANG_WARN_CONSTANT_CONVERSION = YES;
				CLANG_WARN_DIRECT_OBJC_ISA_USAGE = YES_ERROR;
				CLANG_WARN_DOCUMENTATION_COMMENTS = YES;
				CLANG_WARN_EMPTY_BODY = YES;
				CLANG_WARN_ENUM_CONVERSION = YES;
				CLANG_WARN_INFINITE_RECURSION = YES;
				CLANG_WARN_INT_CONVERSION = YES;
				CLANG_WARN_OBJC_ROOT_CLASS = YES_ERROR;
				CLANG_WARN_SUSPICIOUS_MOVES = YES;
				CLANG_WARN_UNREACHABLE_CODE = YES;
				CLANG_WARN__DUPLICATE_METHOD_MATCH = YES;
				"CODE_SIGN_IDENTITY[sdk=iphoneos*]" = "iPhone Developer";
				COPY_PHASE_STRIP = NO;
				DEBUG_INFORMATION_FORMAT = "dwarf-with-dsym";
				ENABLE_NS_ASSERTIONS = NO;
				ENABLE_STRICT_OBJC_MSGSEND = YES;
				GCC_C_LANGUAGE_STANDARD = gnu99;
				GCC_NO_COMMON_BLOCKS = YES;
				GCC_WARN_64_TO_32_BIT_CONVERSION = YES;
				GCC_WARN_ABOUT_RETURN_TYPE = YES_ERROR;
				GCC_WARN_UNDECLARED_SELECTOR = YES;
				GCC_WARN_UNINITIALIZED_AUTOS = YES_AGGRESSIVE;
				GCC_WARN_UNUSED_FUNCTION = YES;
				GCC_WARN_UNUSED_VARIABLE = YES;
				IPHONEOS_DEPLOYMENT_TARGET = 10.0;
				MTL_ENABLE_DEBUG_INFO = NO;
				SDKROOT = iphoneos;
				TARGETED_DEVICE_FAMILY = "1,2";
				VALIDATE_PRODUCT = YES;
			};
			name = Release;
		};
		B6F300BC1DD5A8A90061397E /* Debug */ = {
			isa = XCBuildConfiguration;
			buildSettings = {
				ASSETCATALOG_COMPILER_APPICON_NAME = AppIcon;
				DEVELOPMENT_TEAM = 9GL7T79KV7;
				INFOPLIST_FILE = "寻路算法demo/Info.plist";
				LD_RUNPATH_SEARCH_PATHS = "$(inherited) @executable_path/Frameworks";
				PRODUCT_BUNDLE_IDENTIFIER = "com.practice.testProject.----demo";
				PRODUCT_NAME = "$(TARGET_NAME)";
			};
			name = Debug;
		};
		B6F300BD1DD5A8A90061397E /* Release */ = {
			isa = XCBuildConfiguration;
			buildSettings = {
				ASSETCATALOG_COMPILER_APPICON_NAME = AppIcon;
				DEVELOPMENT_TEAM = 9GL7T79KV7;
				INFOPLIST_FILE = "寻路算法demo/Info.plist";
				LD_RUNPATH_SEARCH_PATHS = "$(inherited) @executable_path/Frameworks";
				PRODUCT_BUNDLE_IDENTIFIER = "com.practice.testProject.----demo";
				PRODUCT_NAME = "$(TARGET_NAME)";
			};
			name = Release;
		};
		B6F300BF1DD5A8A90061397E /* Debug */ = {
			isa = XCBuildConfiguration;
			buildSettings = {
				BUNDLE_LOADER = "$(TEST_HOST)";
				DEVELOPMENT_TEAM = 9GL7T79KV7;
				INFOPLIST_FILE = "寻路算法demoTests/Info.plist";
				LD_RUNPATH_SEARCH_PATHS = "$(inherited) @executable_path/Frameworks @loader_path/Frameworks";
				PRODUCT_BUNDLE_IDENTIFIER = "com.practice.testProject.----demoTests";
				PRODUCT_NAME = "$(TARGET_NAME)";
				TEST_HOST = "$(BUILT_PRODUCTS_DIR)/寻路算法demo.app/寻路算法demo";
			};
			name = Debug;
		};
		B6F300C01DD5A8A90061397E /* Release */ = {
			isa = XCBuildConfiguration;
			buildSettings = {
				BUNDLE_LOADER = "$(TEST_HOST)";
				DEVELOPMENT_TEAM = 9GL7T79KV7;
				INFOPLIST_FILE = "寻路算法demoTests/Info.plist";
				LD_RUNPATH_SEARCH_PATHS = "$(inherited) @executable_path/Frameworks @loader_path/Frameworks";
				PRODUCT_BUNDLE_IDENTIFIER = "com.practice.testProject.----demoTests";
				PRODUCT_NAME = "$(TARGET_NAME)";
				TEST_HOST = "$(BUILT_PRODUCTS_DIR)/寻路算法demo.app/寻路算法demo";
			};
			name = Release;
		};
		B6F300C21DD5A8A90061397E /* Debug */ = {
			isa = XCBuildConfiguration;
			buildSettings = {
				DEVELOPMENT_TEAM = 9GL7T79KV7;
				INFOPLIST_FILE = "寻路算法demoUITests/Info.plist";
				LD_RUNPATH_SEARCH_PATHS = "$(inherited) @executable_path/Frameworks @loader_path/Frameworks";
				PRODUCT_BUNDLE_IDENTIFIER = "com.practice.testProject.----demoUITests";
				PRODUCT_NAME = "$(TARGET_NAME)";
				TEST_TARGET_NAME = "寻路算法demo";
			};
			name = Debug;
		};
		B6F300C31DD5A8A90061397E /* Release */ = {
			isa = XCBuildConfiguration;
			buildSettings = {
				DEVELOPMENT_TEAM = 9GL7T79KV7;
				INFOPLIST_FILE = "寻路算法demoUITests/Info.plist";
				LD_RUNPATH_SEARCH_PATHS = "$(inherited) @executable_path/Frameworks @loader_path/Frameworks";
				PRODUCT_BUNDLE_IDENTIFIER = "com.practice.testProject.----demoUITests";
				PRODUCT_NAME = "$(TARGET_NAME)";
				TEST_TARGET_NAME = "寻路算法demo";
			};
			name = Release;
		};
/* End XCBuildConfiguration section */

/* Begin XCConfigurationList section */
		B6F300891DD5A8A90061397E /* Build configuration list for PBXProject "寻路算法demo" */ = {
			isa = XCConfigurationList;
			buildConfigurations = (
				B6F300B91DD5A8A90061397E /* Debug */,
				B6F300BA1DD5A8A90061397E /* Release */,
				B6DF2A751DDAE95A0081436F /* Release copy */,
			);
			defaultConfigurationIsVisible = 0;
			defaultConfigurationName = Release;
		};
		B6F300BB1DD5A8A90061397E /* Build configuration list for PBXNativeTarget "寻路算法demo" */ = {
			isa = XCConfigurationList;
			buildConfigurations = (
				B6F300BC1DD5A8A90061397E /* Debug */,
				B6F300BD1DD5A8A90061397E /* Release */,
				B6DF2A761DDAE95A0081436F /* Release copy */,
			);
			defaultConfigurationIsVisible = 0;
			defaultConfigurationName = Release;
		};
		B6F300BE1DD5A8A90061397E /* Build configuration list for PBXNativeTarget "寻路算法demoTests" */ = {
			isa = XCConfigurationList;
			buildConfigurations = (
				B6F300BF1DD5A8A90061397E /* Debug */,
				B6F300C01DD5A8A90061397E /* Release */,
				B6DF2A771DDAE95A0081436F /* Release copy */,
			);
			defaultConfigurationIsVisible = 0;
			defaultConfigurationName = Release;
		};
		B6F300C11DD5A8A90061397E /* Build configuration list for PBXNativeTarget "寻路算法demoUITests" */ = {
			isa = XCConfigurationList;
			buildConfigurations = (
				B6F300C21DD5A8A90061397E /* Debug */,
				B6F300C31DD5A8A90061397E /* Release */,
				B6DF2A781DDAE95A0081436F /* Release copy */,
			);
			defaultConfigurationIsVisible = 0;
			defaultConfigurationName = Release;
		};
/* End XCConfigurationList section */
	};
	rootObject = B6F300861DD5A8A90061397E /* Project object */;
}
