// !$*UTF8*$!
{
	archiveVersion = 1;
	classes = {
	};
	objectVersion = 46;
	objects = {

/* Begin PBXBuildFile section */
		B60CC6B61F53FA2A00B064DA /* main.m in Sources */ = {isa = PBXBuildFile; fileRef = B60CC6B51F53FA2A00B064DA /* main.m */; };
		B60CC6B91F53FA2A00B064DA /* AppDelegate.m in Sources */ = {isa = PBXBuildFile; fileRef = B60CC6B81F53FA2A00B064DA /* AppDelegate.m */; };
		B60CC6BC1F53FA2A00B064DA /* ViewController.m in Sources */ = {isa = PBXBuildFile; fileRef = B60CC6BB1F53FA2A00B064DA /* ViewController.m */; };
		B60CC6BF1F53FA2A00B064DA /* Main.storyboard in Resources */ = {isa = PBXBuildFile; fileRef = B60CC6BD1F53FA2A00B064DA /* Main.storyboard */; };
		B60CC6C11F53FA2A00B064DA /* Assets.xcassets in Resources */ = {isa = PBXBuildFile; fileRef = B60CC6C01F53FA2A00B064DA /* Assets.xcassets */; };
		B60CC6C41F53FA2A00B064DA /* LaunchScreen.storyboard in Resources */ = {isa = PBXBuildFile; fileRef = B60CC6C21F53FA2A00B064DA /* LaunchScreen.storyboard */; };
/* End PBXBuildFile section */

/* Begin PBXFileReference section */
		B60CC6B11F53FA2A00B064DA /* CarRunAnimation.app */ = {isa = PBXFileReference; explicitFileType = wrapper.application; includeInIndex = 0; path = CarRunAnimation.app; sourceTree = BUILT_PRODUCTS_DIR; };
		B60CC6B51F53FA2A00B064DA /* main.m */ = {isa = PBXFileReference; lastKnownFileType = sourcecode.c.objc; path = main.m; sourceTree = "<group>"; };
		B60CC6B71F53FA2A00B064DA /* AppDelegate.h */ = {isa = PBXFileReference; lastKnownFileType = sourcecode.c.h; path = AppDelegate.h; sourceTree = "<group>"; };
		B60CC6B81F53FA2A00B064DA /* AppDelegate.m */ = {isa = PBXFileReference; lastKnownFileType = sourcecode.c.objc; path = AppDelegate.m; sourceTree = "<group>"; };
		B60CC6BA1F53FA2A00B064DA /* ViewController.h */ = {isa = PBXFileReference; lastKnownFileType = sourcecode.c.h; path = ViewController.h; sourceTree = "<group>"; };
		B60CC6BB1F53FA2A00B064DA /* ViewController.m */ = {isa = PBXFileReference; lastKnownFileType = sourcecode.c.objc; path = ViewController.m; sourceTree = "<group>"; };
		B60CC6BE1F53FA2A00B064DA /* Base */ = {isa = PBXFileReference; lastKnownFileType = file.storyboard; name = Base; path = Base.lproj/Main.storyboard; sourceTree = "<group>"; };
		B60CC6C01F53FA2A00B064DA /* Assets.xcassets */ = {isa = PBXFileReference; lastKnownFileType = folder.assetcatalog; path = Assets.xcassets; sourceTree = "<group>"; };
		B60CC6C31F53FA2A00B064DA /* Base */ = {isa = PBXFileReference; lastKnownFileType = file.storyboard; name = Base; path = Base.lproj/LaunchScreen.storyboard; sourceTree = "<group>"; };
		B60CC6C51F53FA2A00B064DA /* Info.plist */ = {isa = PBXFileReference; lastKnownFileType = text.plist.xml; path = Info.plist; sourceTree = "<group>"; };
/* End PBXFileReference section */

/* Begin PBXFrameworksBuildPhase section */
		B60CC6AE1F53FA2A00B064DA /* Frameworks */ = {
			isa = PBXFrameworksBuildPhase;
			buildActionMask = 2147483647;
			files = (
			);
			runOnlyForDeploymentPostprocessing = 0;
		};
/* End PBXFrameworksBuildPhase section */

/* Begin PBXGroup section */
		B60CC6A81F53FA2A00B064DA = {
			isa = PBXGroup;
			children = (
				B60CC6B31F53FA2A00B064DA /* CarRunAnimation */,
				B60CC6B21F53FA2A00B064DA /* Products */,
			);
			sourceTree = "<group>";
		};
		B60CC6B21F53FA2A00B064DA /* Products */ = {
			isa = PBXGroup;
			children = (
				B60CC6B11F53FA2A00B064DA /* CarRunAnimation.app */,
			);
			name = Products;
			sourceTree = "<group>";
		};
		B60CC6B31F53FA2A00B064DA /* CarRunAnimation */ = {
			isa = PBXGroup;
			children = (
				B60CC6B71F53FA2A00B064DA /* AppDelegate.h */,
				B60CC6B81F53FA2A00B064DA /* AppDelegate.m */,
				B60CC6BA1F53FA2A00B064DA /* ViewController.h */,
				B60CC6BB1F53FA2A00B064DA /* ViewController.m */,
				B60CC6BD1F53FA2A00B064DA /* Main.storyboard */,
				B60CC6C01F53FA2A00B064DA /* Assets.xcassets */,
				B60CC6C21F53FA2A00B064DA /* LaunchScreen.storyboard */,
				B60CC6C51F53FA2A00B064DA /* Info.plist */,
				B60CC6B41F53FA2A00B064DA /* Supporting Files */,
			);
			path = CarRunAnimation;
			sourceTree = "<group>";
		};
		B60CC6B41F53FA2A00B064DA /* Supporting Files */ = {
			isa = PBXGroup;
			children = (
				B60CC6B51F53FA2A00B064DA /* main.m */,
			);
			name = "Supporting Files";
			sourceTree = "<group>";
		};
/* End PBXGroup section */

/* Begin PBXNativeTarget section */
		B60CC6B01F53FA2A00B064DA /* CarRunAnimation */ = {
			isa = PBXNativeTarget;
			buildConfigurationList = B60CC6C81F53FA2A00B064DA /* Build configuration list for PBXNativeTarget "CarRunAnimation" */;
			buildPhases = (
				B60CC6AD1F53FA2A00B064DA /* Sources */,
				B60CC6AE1F53FA2A00B064DA /* Frameworks */,
				B60CC6AF1F53FA2A00B064DA /* Resources */,
			);
			buildRules = (
			);
			dependencies = (
			);
			name = CarRunAnimation;
			productName = CarRunAnimation;
			productReference = B60CC6B11F53FA2A00B064DA /* CarRunAnimation.app */;
			productType = "com.apple.product-type.application";
		};
/* End PBXNativeTarget section */

/* Begin PBXProject section */
		B60CC6A91F53FA2A00B064DA /* Project object */ = {
			isa = PBXProject;
			attributes = {
				LastUpgradeCheck = 0830;
				ORGANIZATIONNAME = "胡杨林";
				TargetAttributes = {
					B60CC6B01F53FA2A00B064DA = {
						CreatedOnToolsVersion = 8.3.3;
						DevelopmentTeam = HUH8GRN724;
						ProvisioningStyle = Automatic;
					};
				};
			};
			buildConfigurationList = B60CC6AC1F53FA2A00B064DA /* Build configuration list for PBXProject "CarRunAnimation" */;
			compatibilityVersion = "Xcode 3.2";
			developmentRegion = English;
			hasScannedForEncodings = 0;
			knownRegions = (
				en,
				Base,
			);
			mainGroup = B60CC6A81F53FA2A00B064DA;
			productRefGroup = B60CC6B21F53FA2A00B064DA /* Products */;
			projectDirPath = "";
			projectRoot = "";
			targets = (
				B60CC6B01F53FA2A00B064DA /* CarRunAnimation */,
			);
		};
/* End PBXProject section */

/* Begin PBXResourcesBuildPhase section */
		B60CC6AF1F53FA2A00B064DA /* Resources */ = {
			isa = PBXResourcesBuildPhase;
			buildActionMask = 2147483647;
			files = (
				B60CC6C41F53FA2A00B064DA /* LaunchScreen.storyboard in Resources */,
				B60CC6C11F53FA2A00B064DA /* Assets.xcassets in Resources */,
				B60CC6BF1F53FA2A00B064DA /* Main.storyboard in Resources */,
			);
			runOnlyForDeploymentPostprocessing = 0;
		};
/* End PBXResourcesBuildPhase section */

/* Begin PBXSourcesBuildPhase section */
		B60CC6AD1F53FA2A00B064DA /* Sources */ = {
			isa = PBXSourcesBuildPhase;
			buildActionMask = 2147483647;
			files = (
				B60CC6BC1F53FA2A00B064DA /* ViewController.m in Sources */,
				B60CC6B91F53FA2A00B064DA /* AppDelegate.m in Sources */,
				B60CC6B61F53FA2A00B064DA /* main.m in Sources */,
			);
			runOnlyForDeploymentPostprocessing = 0;
		};
/* End PBXSourcesBuildPhase section */

/* Begin PBXVariantGroup section */
		B60CC6BD1F53FA2A00B064DA /* Main.storyboard */ = {
			isa = PBXVariantGroup;
			children = (
				B60CC6BE1F53FA2A00B064DA /* Base */,
			);
			name = Main.storyboard;
			sourceTree = "<group>";
		};
		B60CC6C21F53FA2A00B064DA /* LaunchScreen.storyboard */ = {
			isa = PBXVariantGroup;
			children = (
				B60CC6C31F53FA2A00B064DA /* Base */,
			);
			name = LaunchScreen.storyboard;
			sourceTree = "<group>";
		};
/* End PBXVariantGroup section */

/* Begin XCBuildConfiguration section */
		B60CC6C61F53FA2A00B064DA /* Debug */ = {
			isa = XCBuildConfiguration;
			buildSettings = {
				ALWAYS_SEARCH_USER_PATHS = NO;
				CLANG_ANALYZER_NONNULL = YES;
				CLANG_ANALYZER_NUMBER_OBJECT_CONVERSION = YES_AGGRESSIVE;
				CLANG_CXX_LANGUAGE_STANDARD = "gnu++0x";
				CLANG_CXX_LIBRARY = "libc++";
				CLANG_ENABLE_MODULES = YES;
				CLANG_ENABLE_OBJC_ARC = YES;
				CLANG_WARN_BOOL_CONVERSION = YES;
				CLANG_WARN_CONSTANT_CONVERSION = YES;
				CLANG_WARN_DIRECT_OBJC_ISA_USAGE = YES_ERROR;
				CLANG_WARN_DOCUMENTATION_COMMENTS = YES;
				CLANG_WARN_EMPTY_BODY = YES;
				CLANG_WARN_ENUM_CONVERSION = YES;
				CLANG_WARN_INFINITE_RECURSION = YES;
				CLANG_WARN_INT_CONVERSION = YES;
				CLANG_WARN_OBJC_ROOT_CLASS = YES_ERROR;
				CLANG_WARN_SUSPICIOUS_MOVE = YES;
				CLANG_WARN_UNREACHABLE_CODE = YES;
				CLANG_WARN__DUPLICATE_METHOD_MATCH = YES;
				"CODE_SIGN_IDENTITY[sdk=iphoneos*]" = "iPhone Developer";
				COPY_PHASE_STRIP = NO;
				DEBUG_INFORMATION_FORMAT = dwarf;
				ENABLE_STRICT_OBJC_MSGSEND = YES;
				ENABLE_TESTABILITY = YES;
				GCC_C_LANGUAGE_STANDARD = gnu99;
				GCC_DYNAMIC_NO_PIC = NO;
				GCC_NO_COMMON_BLOCKS = YES;
				GCC_OPTIMIZATION_LEVEL = 0;
				GCC_PREPROCESSOR_DEFINITIONS = (
					"DEBUG=1",
					"$(inherited)",
				);
				GCC_WARN_64_TO_32_BIT_CONVERSION = YES;
				GCC_WARN_ABOUT_RETURN_TYPE = YES_ERROR;
				GCC_WARN_UNDECLARED_SELECTOR = YES;
				GCC_WARN_UNINITIALIZED_AUTOS = YES_AGGRESSIVE;
				GCC_WARN_UNUSED_FUNCTION = YES;
				GCC_WARN_UNUSED_VARIABLE = YES;
				IPHONEOS_DEPLOYMENT_TARGET = 10.3;
				MTL_ENABLE_DEBUG_INFO = YES;
				ONLY_ACTIVE_ARCH = YES;
				SDKROOT = iphoneos;
				TARGETED_DEVICE_FAMILY = "1,2";
			};
			name = Debug;
		};
		B60CC6C71F53FA2A00B064DA /* Release */ = {
			isa = XCBuildConfiguration;
			buildSettings = {
				ALWAYS_SEARCH_USER_PATHS = NO;
				CLANG_ANALYZER_NONNULL = YES;
				CLANG_ANALYZER_NUMBER_OBJECT_CONVERSION = YES_AGGRESSIVE;
				CLANG_CXX_LANGUAGE_STANDARD = "gnu++0x";
				CLANG_CXX_LIBRARY = "libc++";
				CLANG_ENABLE_MODULES = YES;
				CLANG_ENABLE_OBJC_ARC = YES;
				CLANG_WARN_BOOL_CONVERSION = YES;
				CLANG_WARN_CONSTANT_CONVERSION = YES;
				CLANG_WARN_DIRECT_OBJC_ISA_USAGE = YES_ERROR;
				CLANG_WARN_DOCUMENTATION_COMMENTS = YES;
				CLANG_WARN_EMPTY_BODY = YES;
				CLANG_WARN_ENUM_CONVERSION = YES;
				CLANG_WARN_INFINITE_RECURSION = YES;
				CLANG_WARN_INT_CONVERSION = YES;
				CLANG_WARN_OBJC_ROOT_CLASS = YES_ERROR;
				CLANG_WARN_SUSPICIOUS_MOVE = YES;
				CLANG_WARN_UNREACHABLE_CODE = YES;
				CLANG_WARN__DUPLICATE_METHOD_MATCH = YES;
				"CODE_SIGN_IDENTITY[sdk=iphoneos*]" = "iPhone Developer";
				COPY_PHASE_STRIP = NO;
				DEBUG_INFORMATION_FORMAT = "dwarf-with-dsym";
				ENABLE_NS_ASSERTIONS = NO;
				ENABLE_STRICT_OBJC_MSGSEND = YES;
				GCC_C_LANGUAGE_STANDARD = gnu99;
				GCC_NO_COMMON_BLOCKS = YES;
				GCC_WARN_64_TO_32_BIT_CONVERSION = YES;
				GCC_WARN_ABOUT_RETURN_TYPE = YES_ERROR;
				GCC_WARN_UNDECLARED_SELECTOR = YES;
				GCC_WARN_UNINITIALIZED_AUTOS = YES_AGGRESSIVE;
				GCC_WARN_UNUSED_FUNCTION = YES;
				GCC_WARN_UNUSED_VARIABLE = YES;
				IPHONEOS_DEPLOYMENT_TARGET = 10.3;
				MTL_ENABLE_DEBUG_INFO = NO;
				SDKROOT = iphoneos;
				TARGETED_DEVICE_FAMILY = "1,2";
				VALIDATE_PRODUCT = YES;
			};
			name = Release;
		};
		B60CC6C91F53FA2A00B064DA /* Debug */ = {
			isa = XCBuildConfiguration;
			buildSettings = {
				ASSETCATALOG_COMPILER_APPICON_NAME = AppIcon;
				DEVELOPMENT_TEAM = HUH8GRN724;
				INFOPLIST_FILE = CarRunAnimation/Info.plist;
				LD_RUNPATH_SEARCH_PATHS = "$(inherited) @executable_path/Frameworks";
				PRODUCT_BUNDLE_IDENTIFIER = com.practice.testProject.CarRunAnimation;
				PRODUCT_NAME = "$(TARGET_NAME)";
			};
			name = Debug;
		};
		B60CC6CA1F53FA2A00B064DA /* Release */ = {
			isa = XCBuildConfiguration;
			buildSettings = {
				ASSETCATALOG_COMPILER_APPICON_NAME = AppIcon;
				DEVELOPMENT_TEAM = HUH8GRN724;
				INFOPLIST_FILE = CarRunAnimation/Info.plist;
				LD_RUNPATH_SEARCH_PATHS = "$(inherited) @executable_path/Frameworks";
				PRODUCT_BUNDLE_IDENTIFIER = com.practice.testProject.CarRunAnimation;
				PRODUCT_NAME = "$(TARGET_NAME)";
			};
			name = Release;
		};
/* End XCBuildConfiguration section */

/* Begin XCConfigurationList section */
		B60CC6AC1F53FA2A00B064DA /* Build configuration list for PBXProject "CarRunAnimation" */ = {
			isa = XCConfigurationList;
			buildConfigurations = (
				B60CC6C61F53FA2A00B064DA /* Debug */,
				B60CC6C71F53FA2A00B064DA /* Release */,
			);
			defaultConfigurationIsVisible = 0;
			defaultConfigurationName = Release;
		};
		B60CC6C81F53FA2A00B064DA /* Build configuration list for PBXNativeTarget "CarRunAnimation" */ = {
			isa = XCConfigurationList;
			buildConfigurations = (
				B60CC6C91F53FA2A00B064DA /* Debug */,
				B60CC6CA1F53FA2A00B064DA /* Release */,
			);
			defaultConfigurationIsVisible = 0;
		};
/* End XCConfigurationList section */
	};
	rootObject = B60CC6A91F53FA2A00B064DA /* Project object */;
}
