// !$*UTF8*$!
{
	archiveVersion = 1;
	classes = {
	};
	objectVersion = 46;
	objects = {

/* Begin PBXBuildFile section */
		B60321401F4FCEE500537D31 /* main.m in Sources */ = {isa = PBXBuildFile; fileRef = B603213F1F4FCEE500537D31 /* main.m */; };
		B60321431F4FCEE500537D31 /* AppDelegate.m in Sources */ = {isa = PBXBuildFile; fileRef = B60321421F4FCEE500537D31 /* AppDelegate.m */; };
		B60321461F4FCEE500537D31 /* ViewController.m in Sources */ = {isa = PBXBuildFile; fileRef = B60321451F4FCEE500537D31 /* ViewController.m */; };
		B60321491F4FCEE500537D31 /* Main.storyboard in Resources */ = {isa = PBXBuildFile; fileRef = B60321471F4FCEE500537D31 /* Main.storyboard */; };
		B603214B1F4FCEE500537D31 /* Assets.xcassets in Resources */ = {isa = PBXBuildFile; fileRef = B603214A1F4FCEE500537D31 /* Assets.xcassets */; };
		B603214E1F4FCEE500537D31 /* LaunchScreen.storyboard in Resources */ = {isa = PBXBuildFile; fileRef = B603214C1F4FCEE500537D31 /* LaunchScreen.storyboard */; };
		B60321561F4FCFC100537D31 /* CCAMAP.jpeg in Resources */ = {isa = PBXBuildFile; fileRef = B60321551F4FCFC100537D31 /* CCAMAP.jpeg */; };
		B60321581F5015B300537D31 /* 火箭.png in Resources */ = {isa = PBXBuildFile; fileRef = B60321571F5015B300537D31 /* 火箭.png */; };
/* End PBXBuildFile section */

/* Begin PBXFileReference section */
		B603213B1F4FCEE500537D31 /* CarActivityDemo.app */ = {isa = PBXFileReference; explicitFileType = wrapper.application; includeInIndex = 0; path = CarActivityDemo.app; sourceTree = BUILT_PRODUCTS_DIR; };
		B603213F1F4FCEE500537D31 /* main.m */ = {isa = PBXFileReference; lastKnownFileType = sourcecode.c.objc; path = main.m; sourceTree = "<group>"; };
		B60321411F4FCEE500537D31 /* AppDelegate.h */ = {isa = PBXFileReference; lastKnownFileType = sourcecode.c.h; path = AppDelegate.h; sourceTree = "<group>"; };
		B60321421F4FCEE500537D31 /* AppDelegate.m */ = {isa = PBXFileReference; lastKnownFileType = sourcecode.c.objc; path = AppDelegate.m; sourceTree = "<group>"; };
		B60321441F4FCEE500537D31 /* ViewController.h */ = {isa = PBXFileReference; lastKnownFileType = sourcecode.c.h; path = ViewController.h; sourceTree = "<group>"; };
		B60321451F4FCEE500537D31 /* ViewController.m */ = {isa = PBXFileReference; lastKnownFileType = sourcecode.c.objc; path = ViewController.m; sourceTree = "<group>"; };
		B60321481F4FCEE500537D31 /* Base */ = {isa = PBXFileReference; lastKnownFileType = file.storyboard; name = Base; path = Base.lproj/Main.storyboard; sourceTree = "<group>"; };
		B603214A1F4FCEE500537D31 /* Assets.xcassets */ = {isa = PBXFileReference; lastKnownFileType = folder.assetcatalog; path = Assets.xcassets; sourceTree = "<group>"; };
		B603214D1F4FCEE500537D31 /* Base */ = {isa = PBXFileReference; lastKnownFileType = file.storyboard; name = Base; path = Base.lproj/LaunchScreen.storyboard; sourceTree = "<group>"; };
		B603214F1F4FCEE500537D31 /* Info.plist */ = {isa = PBXFileReference; lastKnownFileType = text.plist.xml; path = Info.plist; sourceTree = "<group>"; };
		B60321551F4FCFC100537D31 /* CCAMAP.jpeg */ = {isa = PBXFileReference; lastKnownFileType = image.jpeg; path = CCAMAP.jpeg; sourceTree = "<group>"; };
		B60321571F5015B300537D31 /* 火箭.png */ = {isa = PBXFileReference; lastKnownFileType = image.png; path = "火箭.png"; sourceTree = "<group>"; };
/* End PBXFileReference section */

/* Begin PBXFrameworksBuildPhase section */
		B60321381F4FCEE500537D31 /* Frameworks */ = {
			isa = PBXFrameworksBuildPhase;
			buildActionMask = 2147483647;
			files = (
			);
			runOnlyForDeploymentPostprocessing = 0;
		};
/* End PBXFrameworksBuildPhase section */

/* Begin PBXGroup section */
		B60321321F4FCEE500537D31 = {
			isa = PBXGroup;
			children = (
				B603213D1F4FCEE500537D31 /* CarActivityDemo */,
				B603213C1F4FCEE500537D31 /* Products */,
			);
			sourceTree = "<group>";
		};
		B603213C1F4FCEE500537D31 /* Products */ = {
			isa = PBXGroup;
			children = (
				B603213B1F4FCEE500537D31 /* CarActivityDemo.app */,
			);
			name = Products;
			sourceTree = "<group>";
		};
		B603213D1F4FCEE500537D31 /* CarActivityDemo */ = {
			isa = PBXGroup;
			children = (
				B60321411F4FCEE500537D31 /* AppDelegate.h */,
				B60321421F4FCEE500537D31 /* AppDelegate.m */,
				B60321441F4FCEE500537D31 /* ViewController.h */,
				B60321451F4FCEE500537D31 /* ViewController.m */,
				B60321571F5015B300537D31 /* 火箭.png */,
				B60321551F4FCFC100537D31 /* CCAMAP.jpeg */,
				B60321471F4FCEE500537D31 /* Main.storyboard */,
				B603214A1F4FCEE500537D31 /* Assets.xcassets */,
				B603214C1F4FCEE500537D31 /* LaunchScreen.storyboard */,
				B603214F1F4FCEE500537D31 /* Info.plist */,
				B603213E1F4FCEE500537D31 /* Supporting Files */,
			);
			path = CarActivityDemo;
			sourceTree = "<group>";
		};
		B603213E1F4FCEE500537D31 /* Supporting Files */ = {
			isa = PBXGroup;
			children = (
				B603213F1F4FCEE500537D31 /* main.m */,
			);
			name = "Supporting Files";
			sourceTree = "<group>";
		};
/* End PBXGroup section */

/* Begin PBXNativeTarget section */
		B603213A1F4FCEE500537D31 /* CarActivityDemo */ = {
			isa = PBXNativeTarget;
			buildConfigurationList = B60321521F4FCEE500537D31 /* Build configuration list for PBXNativeTarget "CarActivityDemo" */;
			buildPhases = (
				B60321371F4FCEE500537D31 /* Sources */,
				B60321381F4FCEE500537D31 /* Frameworks */,
				B60321391F4FCEE500537D31 /* Resources */,
			);
			buildRules = (
			);
			dependencies = (
			);
			name = CarActivityDemo;
			productName = CarActivityDemo;
			productReference = B603213B1F4FCEE500537D31 /* CarActivityDemo.app */;
			productType = "com.apple.product-type.application";
		};
/* End PBXNativeTarget section */

/* Begin PBXProject section */
		B60321331F4FCEE500537D31 /* Project object */ = {
			isa = PBXProject;
			attributes = {
				LastUpgradeCheck = 0830;
				ORGANIZATIONNAME = "胡杨林";
				TargetAttributes = {
					B603213A1F4FCEE500537D31 = {
						CreatedOnToolsVersion = 8.3.3;
						DevelopmentTeam = HUH8GRN724;
						ProvisioningStyle = Automatic;
					};
				};
			};
			buildConfigurationList = B60321361F4FCEE500537D31 /* Build configuration list for PBXProject "CarActivityDemo" */;
			compatibilityVersion = "Xcode 3.2";
			developmentRegion = English;
			hasScannedForEncodings = 0;
			knownRegions = (
				en,
				Base,
			);
			mainGroup = B60321321F4FCEE500537D31;
			productRefGroup = B603213C1F4FCEE500537D31 /* Products */;
			projectDirPath = "";
			projectRoot = "";
			targets = (
				B603213A1F4FCEE500537D31 /* CarActivityDemo */,
			);
		};
/* End PBXProject section */

/* Begin PBXResourcesBuildPhase section */
		B60321391F4FCEE500537D31 /* Resources */ = {
			isa = PBXResourcesBuildPhase;
			buildActionMask = 2147483647;
			files = (
				B60321581F5015B300537D31 /* 火箭.png in Resources */,
				B60321561F4FCFC100537D31 /* CCAMAP.jpeg in Resources */,
				B603214E1F4FCEE500537D31 /* LaunchScreen.storyboard in Resources */,
				B603214B1F4FCEE500537D31 /* Assets.xcassets in Resources */,
				B60321491F4FCEE500537D31 /* Main.storyboard in Resources */,
			);
			runOnlyForDeploymentPostprocessing = 0;
		};
/* End PBXResourcesBuildPhase section */

/* Begin PBXSourcesBuildPhase section */
		B60321371F4FCEE500537D31 /* Sources */ = {
			isa = PBXSourcesBuildPhase;
			buildActionMask = 2147483647;
			files = (
				B60321461F4FCEE500537D31 /* ViewController.m in Sources */,
				B60321431F4FCEE500537D31 /* AppDelegate.m in Sources */,
				B60321401F4FCEE500537D31 /* main.m in Sources */,
			);
			runOnlyForDeploymentPostprocessing = 0;
		};
/* End PBXSourcesBuildPhase section */

/* Begin PBXVariantGroup section */
		B60321471F4FCEE500537D31 /* Main.storyboard */ = {
			isa = PBXVariantGroup;
			children = (
				B60321481F4FCEE500537D31 /* Base */,
			);
			name = Main.storyboard;
			sourceTree = "<group>";
		};
		B603214C1F4FCEE500537D31 /* LaunchScreen.storyboard */ = {
			isa = PBXVariantGroup;
			children = (
				B603214D1F4FCEE500537D31 /* Base */,
			);
			name = LaunchScreen.storyboard;
			sourceTree = "<group>";
		};
/* End PBXVariantGroup section */

/* Begin XCBuildConfiguration section */
		B60321501F4FCEE500537D31 /* Debug */ = {
			isa = XCBuildConfiguration;
			buildSettings = {
				ALWAYS_SEARCH_USER_PATHS = NO;
				CLANG_ANALYZER_NONNULL = YES;
				CLANG_ANALYZER_NUMBER_OBJECT_CONVERSION = YES_AGGRESSIVE;
				CLANG_CXX_LANGUAGE_STANDARD = "gnu++0x";
				CLANG_CXX_LIBRARY = "libc++";
				CLANG_ENABLE_MODULES = YES;
				CLANG_ENABLE_OBJC_ARC = YES;
				CLANG_WARN_BOOL_CONVERSION = YES;
				CLANG_WARN_CONSTANT_CONVERSION = YES;
				CLANG_WARN_DIRECT_OBJC_ISA_USAGE = YES_ERROR;
				CLANG_WARN_DOCUMENTATION_COMMENTS = YES;
				CLANG_WARN_EMPTY_BODY = YES;
				CLANG_WARN_ENUM_CONVERSION = YES;
				CLANG_WARN_INFINITE_RECURSION = YES;
				CLANG_WARN_INT_CONVERSION = YES;
				CLANG_WARN_OBJC_ROOT_CLASS = YES_ERROR;
				CLANG_WARN_SUSPICIOUS_MOVE = YES;
				CLANG_WARN_UNREACHABLE_CODE = YES;
				CLANG_WARN__DUPLICATE_METHOD_MATCH = YES;
				"CODE_SIGN_IDENTITY[sdk=iphoneos*]" = "iPhone Developer";
				COPY_PHASE_STRIP = NO;
				DEBUG_INFORMATION_FORMAT = dwarf;
				ENABLE_STRICT_OBJC_MSGSEND = YES;
				ENABLE_TESTABILITY = YES;
				GCC_C_LANGUAGE_STANDARD = gnu99;
				GCC_DYNAMIC_NO_PIC = NO;
				GCC_NO_COMMON_BLOCKS = YES;
				GCC_OPTIMIZATION_LEVEL = 0;
				GCC_PREPROCESSOR_DEFINITIONS = (
					"DEBUG=1",
					"$(inherited)",
				);
				GCC_WARN_64_TO_32_BIT_CONVERSION = YES;
				GCC_WARN_ABOUT_RETURN_TYPE = YES_ERROR;
				GCC_WARN_UNDECLARED_SELECTOR = YES;
				GCC_WARN_UNINITIALIZED_AUTOS = YES_AGGRESSIVE;
				GCC_WARN_UNUSED_FUNCTION = YES;
				GCC_WARN_UNUSED_VARIABLE = YES;
				IPHONEOS_DEPLOYMENT_TARGET = 10.3;
				MTL_ENABLE_DEBUG_INFO = YES;
				ONLY_ACTIVE_ARCH = YES;
				SDKROOT = iphoneos;
				TARGETED_DEVICE_FAMILY = "1,2";
			};
			name = Debug;
		};
		B60321511F4FCEE500537D31 /* Release */ = {
			isa = XCBuildConfiguration;
			buildSettings = {
				ALWAYS_SEARCH_USER_PATHS = NO;
				CLANG_ANALYZER_NONNULL = YES;
				CLANG_ANALYZER_NUMBER_OBJECT_CONVERSION = YES_AGGRESSIVE;
				CLANG_CXX_LANGUAGE_STANDARD = "gnu++0x";
				CLANG_CXX_LIBRARY = "libc++";
				CLANG_ENABLE_MODULES = YES;
				CLANG_ENABLE_OBJC_ARC = YES;
				CLANG_WARN_BOOL_CONVERSION = YES;
				CLANG_WARN_CONSTANT_CONVERSION = YES;
				CLANG_WARN_DIRECT_OBJC_ISA_USAGE = YES_ERROR;
				CLANG_WARN_DOCUMENTATION_COMMENTS = YES;
				CLANG_WARN_EMPTY_BODY = YES;
				CLANG_WARN_ENUM_CONVERSION = YES;
				CLANG_WARN_INFINITE_RECURSION = YES;
				CLANG_WARN_INT_CONVERSION = YES;
				CLANG_WARN_OBJC_ROOT_CLASS = YES_ERROR;
				CLANG_WARN_SUSPICIOUS_MOVE = YES;
				CLANG_WARN_UNREACHABLE_CODE = YES;
				CLANG_WARN__DUPLICATE_METHOD_MATCH = YES;
				"CODE_SIGN_IDENTITY[sdk=iphoneos*]" = "iPhone Developer";
				COPY_PHASE_STRIP = NO;
				DEBUG_INFORMATION_FORMAT = "dwarf-with-dsym";
				ENABLE_NS_ASSERTIONS = NO;
				ENABLE_STRICT_OBJC_MSGSEND = YES;
				GCC_C_LANGUAGE_STANDARD = gnu99;
				GCC_NO_COMMON_BLOCKS = YES;
				GCC_WARN_64_TO_32_BIT_CONVERSION = YES;
				GCC_WARN_ABOUT_RETURN_TYPE = YES_ERROR;
				GCC_WARN_UNDECLARED_SELECTOR = YES;
				GCC_WARN_UNINITIALIZED_AUTOS = YES_AGGRESSIVE;
				GCC_WARN_UNUSED_FUNCTION = YES;
				GCC_WARN_UNUSED_VARIABLE = YES;
				IPHONEOS_DEPLOYMENT_TARGET = 10.3;
				MTL_ENABLE_DEBUG_INFO = NO;
				SDKROOT = iphoneos;
				TARGETED_DEVICE_FAMILY = "1,2";
				VALIDATE_PRODUCT = YES;
			};
			name = Release;
		};
		B60321531F4FCEE500537D31 /* Debug */ = {
			isa = XCBuildConfiguration;
			buildSettings = {
				ASSETCATALOG_COMPILER_APPICON_NAME = AppIcon;
				DEVELOPMENT_TEAM = HUH8GRN724;
				INFOPLIST_FILE = CarActivityDemo/Info.plist;
				LD_RUNPATH_SEARCH_PATHS = "$(inherited) @executable_path/Frameworks";
				PRODUCT_BUNDLE_IDENTIFIER = com.practice.testProject.CarActivityDemo;
				PRODUCT_NAME = "$(TARGET_NAME)";
			};
			name = Debug;
		};
		B60321541F4FCEE500537D31 /* Release */ = {
			isa = XCBuildConfiguration;
			buildSettings = {
				ASSETCATALOG_COMPILER_APPICON_NAME = AppIcon;
				DEVELOPMENT_TEAM = HUH8GRN724;
				INFOPLIST_FILE = CarActivityDemo/Info.plist;
				LD_RUNPATH_SEARCH_PATHS = "$(inherited) @executable_path/Frameworks";
				PRODUCT_BUNDLE_IDENTIFIER = com.practice.testProject.CarActivityDemo;
				PRODUCT_NAME = "$(TARGET_NAME)";
			};
			name = Release;
		};
/* End XCBuildConfiguration section */

/* Begin XCConfigurationList section */
		B60321361F4FCEE500537D31 /* Build configuration list for PBXProject "CarActivityDemo" */ = {
			isa = XCConfigurationList;
			buildConfigurations = (
				B60321501F4FCEE500537D31 /* Debug */,
				B60321511F4FCEE500537D31 /* Release */,
			);
			defaultConfigurationIsVisible = 0;
			defaultConfigurationName = Release;
		};
		B60321521F4FCEE500537D31 /* Build configuration list for PBXNativeTarget "CarActivityDemo" */ = {
			isa = XCConfigurationList;
			buildConfigurations = (
				B60321531F4FCEE500537D31 /* Debug */,
				B60321541F4FCEE500537D31 /* Release */,
			);
			defaultConfigurationIsVisible = 0;
		};
/* End XCConfigurationList section */
	};
	rootObject = B60321331F4FCEE500537D31 /* Project object */;
}
